github.com/Keyfactor/keyfactor-go-client-sdk v1.0.2 h1:caLlzFCz2L4Dth/9wh+VlypFATmOMmCSQkCPKOKMxw8=
github.com/Keyfactor/keyfactor-go-client-sdk v1.0.2/go.mod h1:Z5pSk8YFGXHbKeQ1wTzVN8A4P/fZmtAwqu3NgBHbDOs=
github.com/spbsoluble/go-pkcs12 v0.3.3 h1:3nh7IKn16RDpmrSMtOu1JvbB0XHYq1j+IsICdU1c7J4=
github.com/spbsoluble/go-pkcs12 v0.3.3/go.mod h1:MAxKIUEIl/QVcua/I1L4Otyxl9UvLCCIktce2Tjz6Nw=
go.mozilla.org/pkcs7 v0.0.0-20210826202110-33d05740a352 h1:CCriYyAfq1Br1aIYettdHZTy8mBTIPo7We18TuO/bak=
go.mozilla.org/pkcs7 v0.0.0-20210826202110-33d05740a352/go.mod h1:SNgMg+EgDFwmvSmLRTNKC5fegJjB7v23qTQ0XLGUNHk=
golang.org/x/crypto v0.11.0 h1:6Ewdq3tDic1mg5xRO4milcWCfMVQhI4NkqWWvqejpuA=
golang.org/x/crypto v0.11.0/go.mod h1:xgJhtzW8F9jGdVFWZESrid1U1bjeNy4zgy5cRr/CIio=
