github.com/Keyfactor/keyfactor-go-client-sdk v1.0.2 h1:caLlzFCz2L4Dth/9wh+VlypFATmOMmCSQkCPKOKMxw8=
github.com/Keyfactor/keyfactor-go-client-sdk v1.0.2/go.mod h1:Z5pSk8YFGXHbKeQ1wTzVN8A4P/fZmtAwqu3NgBHbDOs=
github.com/spbsoluble/go-pkcs12 v0.3.3 h1:3nh7IKn16RDpmrSMtOu1JvbB0XHYq1j+IsICdU1c7J4=
github.com/spbsoluble/go-pkcs12 v0.3.3/go.mod h1:MAxKIUEIl/QVcua/I1L4Otyxl9UvLCCIktce2Tjz6Nw=
go.mozilla.org/pkcs7 v0.9.0 h1:yM4/HS9dYv7ri2biPtxt8ikvB37a980dg69/pKmS+eI=
go.mozilla.org/pkcs7 v0.9.0/go.mod h1:SNgMg+EgDFwmvSmLRTNKC5fegJjB7v23qTQ0XLGUNHk=
golang.org/x/crypto v0.45.0 h1:jMBrvKuj23MTlT0bQEOBcAE0mjg8mK9RXFhRH6nyF3Q=
golang.org/x/crypto v0.45.0/go.mod h1:XTGrrkGJve7CYK7J8PEww4aY7gM3qMCElcJQ8n8JdX4=
